{
  "name": "PJ",
  "lockfileVersion": 3,
  "requires": true,
  "packages": {
    "": {
      "dependencies": {
        "layui": "^2.9.8"
      }
    },
    "node_modules/layui": {
      "version": "2.9.8",
      "resolved": "https://registry.npmjs.org/layui/-/layui-2.9.8.tgz",
      "integrity": "sha512-Q5UXmu6p0pqMD6ymDO8lP7kFdom899epswOZu3PbSdrtlvLHHSiDsqqaSOAiwtdZNWcGy7hiSHuwyCkSnr7Fdw=="
    }
  }
}
